
Microsoft Visual Studio Solution File, Format Version 12.00
# Visual Studio Version 16
VisualStudioVersion = 16.0.34114.132
MinimumVisualStudioVersion = 10.0.40219.1
Project("{8BC9CEB8-8B4A-11D0-8D11-00A0C91BC942}") = "learnOpenGL1", "learnOpenGL1\learnOpenGL1.vcxproj", "{6AFA1482-F72B-4818-B792-CA250EE2D71E}"
EndProject
Global
	GlobalSection(SolutionConfigurationPlatforms) = preSolution
		Debug|x64 = Debug|x64
		Debug|x86 = Debug|x86
		Release|x64 = Release|x64
		Release|x86 = Release|x86
	EndGlobalSection
	GlobalSection(ProjectConfigurationPlatforms) = postSolution
		{6AFA1482-F72B-4818-B792-CA250EE2D71E}.Debug|x64.ActiveCfg = Debug|x64
		{6AFA1482-F72B-4818-B792-CA250EE2D71E}.Debug|x64.Build.0 = Debug|x64
		{6AFA1482-F72B-4818-B792-CA250EE2D71E}.Debug|x86.ActiveCfg = Debug|Win32
		{6AFA1482-F72B-4818-B792-CA250EE2D71E}.Debug|x86.Build.0 = Debug|Win32
		{6AFA1482-F72B-4818-B792-CA250EE2D71E}.Release|x64.ActiveCfg = Release|x64
		{6AFA1482-F72B-4818-B792-CA250EE2D71E}.Release|x64.Build.0 = Release|x64
		{6AFA1482-F72B-4818-B792-CA250EE2D71E}.Release|x86.ActiveCfg = Release|Win32
		{6AFA1482-F72B-4818-B792-CA250EE2D71E}.Release|x86.Build.0 = Release|Win32
	EndGlobalSection
	GlobalSection(SolutionProperties) = preSolution
		HideSolutionNode = FALSE
	EndGlobalSection
	GlobalSection(ExtensibilityGlobals) = postSolution
		SolutionGuid = {D0EC5991-C427-4343-BB72-624387B97074}
	EndGlobalSection
EndGlobal
